
Microsoft Visual Studio Solution File, Format Version 12.00
# Visual Studio Version 16
VisualStudioVersion = 16.0.30717.126
MinimumVisualStudioVersion = 10.0.40219.1
Project("{FAE04EC0-301F-11D3-BF4B-00C04F79EFBC}") = "Matest", "Matest\Matest.csproj", "{5E77B0AD-E94E-4696-BCB1-B4658A065667}"
EndProject
Project("{54435603-DBB4-11D2-8724-00A0C9A8B90C}") = "Setup", "Setup\Setup.vdproj", "{65B4F749-B0B0-4031-8765-231617502717}"
EndProject
Global
	GlobalSection(SolutionConfigurationPlatforms) = preSolution
		Debug|Any CPU = Debug|Any CPU
		Release|Any CPU = Release|Any CPU
	EndGlobalSection
	GlobalSection(ProjectConfigurationPlatforms) = postSolution
		{5E77B0AD-E94E-4696-BCB1-B4658A065667}.Debug|Any CPU.ActiveCfg = Debug|Any CPU
		{5E77B0AD-E94E-4696-BCB1-B4658A065667}.Debug|Any CPU.Build.0 = Debug|Any CPU
		{5E77B0AD-E94E-4696-BCB1-B4658A065667}.Release|Any CPU.ActiveCfg = Release|Any CPU
		{5E77B0AD-E94E-4696-BCB1-B4658A065667}.Release|Any CPU.Build.0 = Release|Any CPU
		{65B4F749-B0B0-4031-8765-231617502717}.Debug|Any CPU.ActiveCfg = Debug
		{65B4F749-B0B0-4031-8765-231617502717}.Release|Any CPU.ActiveCfg = Release
	EndGlobalSection
	GlobalSection(SolutionProperties) = preSolution
		HideSolutionNode = FALSE
	EndGlobalSection
	GlobalSection(ExtensibilityGlobals) = postSolution
		SolutionGuid = {21AB91AA-EF74-4839-8352-3C6326F322DB}
	EndGlobalSection
EndGlobal
